{
  "version": 4,
  "terraform_version": "1.6.4",
  "serial": 4,
  "lineage": "4f3386aa-dc2c-ba8d-7b1e-c9477c51850d",
  "outputs": {},
  "resources": [
    {
      "mode": "data",
      "type": "aws_eks_cluster",
      "name": "cluster",
      "provider": "provider[\"registry.terraform.io/hashicorp/aws\"]",
      "instances": [
        {
          "schema_version": 0,
          "attributes": {
            "access_config": [
              {
                "authentication_mode": "CONFIG_MAP"
              }
            ],
            "arn": "arn:aws:eks:us-west-1:133538478978:cluster/eks-cluster-terraform",
            "certificate_authority": [
              {
                "data": "LS0tLS1CRUdJTiBDRVJUSUZJQ0FURS0tLS0tCk1JSURCVENDQWUyZ0F3SUJBZ0lJS3hVRUxvbVMvL0l3RFFZSktvWklodmNOQVFFTEJRQXdGVEVUTUJFR0ExVUUKQXhNS2EzVmlaWEp1WlhSbGN6QWVGdzB5TkRBek1UWXdNakV5TkRaYUZ3MHpOREF6TVRRd01qRTNORFphTUJVeApFekFSQmdOVkJBTVRDbXQxWW1WeWJtVjBaWE13Z2dFaU1BMEdDU3FHU0liM0RRRUJBUVVBQTRJQkR3QXdnZ0VLCkFvSUJBUURGS0xUYjNjcGlibVRWR1RLT2tCUnU5dU1uZGdZYTQybEdoaC90azZKVzRqRTBzOXZDb040cStjeU8KN3R2aUJLSWxQM3Y5aFQzbCtKRjh0WWtQTWV6MzlxZldNK2ZuaFQ5NlVNTWVadCtrNFMvdkRoOHpuVFNGamtzcwpjdVZnZnR2RncwdkpuaVBvd1l5YkRCdERWMmxRbFpwcCtjRTJNT1ZoUFNsazd2d1ZqTVVnaFhxNlN3eGV1ZnRYCkVnK3RtYTNwMkZiYkJUenFUQkZoNm5KTjJBcjBDRTBDTmU1YVVjTVY5SkRHY2FSUnJIam50M2JDY1JvbzJMWCsKUGtVc1FTRTJ3V2RQL3BUUkY1ejhzZzZSdVpnZHo5OEwwaFZ6cnZyR2dwTk12WGlQTktLZloxZUNSRnRXelBNYwowN1JKTUFJYzJqSElYS3QrNk56c0VpeW9FV1RCQWdNQkFBR2pXVEJYTUE0R0ExVWREd0VCL3dRRUF3SUNwREFQCkJnTlZIUk1CQWY4RUJUQURBUUgvTUIwR0ExVWREZ1FXQkJTUGM2YUVOcmR6aWErZTVNRkg4TDJDYmI2bnBUQVYKQmdOVkhSRUVEakFNZ2dwcmRXSmxjbTVsZEdWek1BMEdDU3FHU0liM0RRRUJDd1VBQTRJQkFRQjJWN0tJVmlrTApqRGkyc3RnYWQxNFIrZUh3V2I5WHY1UEt6TThxZFlmekY0YlJkYWtCd3MxcStCV1A3ZG1KZnd6TkFlalF5cHdUCnQ1VjFoT3FrUklyK3FkVXpzd2NicjdJTE80MmhZV2RRMVBtejFlRFVuaWIrZlh3WGMvOTFZc2I1QUM5OHFRcGsKN3A4Mi9QMWt2VUVVblRKYjAzSzF1bEsvQVZhVC82VDdjMHVxRGg4N25aVDNKSzl0Z0I1SEwxVG1qWUhYeFN0Lwo4cHdCVm9SUkNXc2l6QjFxb252alNEK2Q3ZGoxZFFZRHFzcW9rajBoVVhJYkUzYlREOTN0QUdlUXlhanRiSDZlCktwNFNaQ3B2VzZsWlFvTXVUSWZMcE9IQmpKUHZyMmhvUHFQZEZ5dFNqTTFkOHVodGNFeWx5a2diR09xSzdDVE8KcW9WaVppcnRPeFdMCi0tLS0tRU5EIENFUlRJRklDQVRFLS0tLS0K"
              }
            ],
            "cluster_id": null,
            "created_at": "2024-03-16 02:13:47.651 +0000 UTC",
            "enabled_cluster_log_types": [
              "api",
              "audit",
              "authenticator",
              "controllerManager",
              "scheduler"
            ],
            "endpoint": "https://83E22DDC5BD80C36EFB203BEDC6C0433.gr7.us-west-1.eks.amazonaws.com",
            "id": "eks-cluster-terraform",
            "identity": [
              {
                "oidc": [
                  {
                    "issuer": "https://oidc.eks.us-west-1.amazonaws.com/id/83E22DDC5BD80C36EFB203BEDC6C0433"
                  }
                ]
              }
            ],
            "kubernetes_network_config": [
              {
                "ip_family": "ipv4",
                "service_ipv4_cidr": "172.20.0.0/16",
                "service_ipv6_cidr": ""
              }
            ],
            "name": "eks-cluster-terraform",
            "outpost_config": [],
            "platform_version": "eks.3",
            "role_arn": "arn:aws:iam::133538478978:role/eks-master-iam-role",
            "status": "ACTIVE",
            "tags": {},
            "version": "1.29",
            "vpc_config": [
              {
                "cluster_security_group_id": "sg-02a285f7adf629b4f",
                "endpoint_private_access": false,
                "endpoint_public_access": true,
                "public_access_cidrs": [
                  "0.0.0.0/0"
                ],
                "security_group_ids": [],
                "subnet_ids": [
                  "subnet-023ebe183a9aca78d",
                  "subnet-0c583368bdcb319e8"
                ],
                "vpc_id": "vpc-010ff7738ce761e1b"
              }
            ]
          },
          "sensitive_attributes": []
        }
      ]
    },
    {
      "mode": "data",
      "type": "aws_eks_cluster_auth",
      "name": "cluster_auth",
      "provider": "provider[\"registry.terraform.io/hashicorp/aws\"]",
      "instances": [
        {
          "schema_version": 0,
          "attributes": {
            "id": "eks-cluster-terraform",
            "name": "eks-cluster-terraform",
            "token": "k8s-aws-v1.aHR0cHM6Ly9zdHMudXMtd2VzdC0xLmFtYXpvbmF3cy5jb20vP0FjdGlvbj1HZXRDYWxsZXJJZGVudGl0eSZWZXJzaW9uPTIwMTEtMDYtMTUmWC1BbXotQWxnb3JpdGhtPUFXUzQtSE1BQy1TSEEyNTYmWC1BbXotQ3JlZGVudGlhbD1BS0lBUjZGNERQT0JGVVZNQ0hVTyUyRjIwMjQwMzIzJTJGdXMtd2VzdC0xJTJGc3RzJTJGYXdzNF9yZXF1ZXN0JlgtQW16LURhdGU9MjAyNDAzMjNUMDY0MTEwWiZYLUFtei1FeHBpcmVzPTAmWC1BbXotU2lnbmVkSGVhZGVycz1ob3N0JTNCeC1rOHMtYXdzLWlkJlgtQW16LVNpZ25hdHVyZT0wZDE5ODNhNmNhNGJjZTYxMjBkOWYyMThjNGVlOGY4NTRlZTUwZWZmZGRjZjAzMGZmMmJmMTYzZjJlMjJhN2Uy"
          },
          "sensitive_attributes": []
        }
      ]
    },
    {
      "mode": "data",
      "type": "terraform_remote_state",
      "name": "eks",
      "provider": "provider[\"terraform.io/builtin/terraform\"]",
      "instances": [
        {
          "schema_version": 0,
          "attributes": {
            "backend": "local",
            "config": {
              "value": {
                "path": "C:/terraform_code/eks_cluster/terraform.tfstate"
              },
              "type": [
                "object",
                {
                  "path": "string"
                }
              ]
            },
            "defaults": null,
            "outputs": {
              "value": {
                "azs": [
                  "us-west-1b",
                  "us-west-1c"
                ],
                "cluster_arn": "arn:aws:eks:us-west-1:133538478978:cluster/eks-cluster-terraform",
                "cluster_certificate_authority_data": "LS0tLS1CRUdJTiBDRVJUSUZJQ0FURS0tLS0tCk1JSURCVENDQWUyZ0F3SUJBZ0lJS3hVRUxvbVMvL0l3RFFZSktvWklodmNOQVFFTEJRQXdGVEVUTUJFR0ExVUUKQXhNS2EzVmlaWEp1WlhSbGN6QWVGdzB5TkRBek1UWXdNakV5TkRaYUZ3MHpOREF6TVRRd01qRTNORFphTUJVeApFekFSQmdOVkJBTVRDbXQxWW1WeWJtVjBaWE13Z2dFaU1BMEdDU3FHU0liM0RRRUJBUVVBQTRJQkR3QXdnZ0VLCkFvSUJBUURGS0xUYjNjcGlibVRWR1RLT2tCUnU5dU1uZGdZYTQybEdoaC90azZKVzRqRTBzOXZDb040cStjeU8KN3R2aUJLSWxQM3Y5aFQzbCtKRjh0WWtQTWV6MzlxZldNK2ZuaFQ5NlVNTWVadCtrNFMvdkRoOHpuVFNGamtzcwpjdVZnZnR2RncwdkpuaVBvd1l5YkRCdERWMmxRbFpwcCtjRTJNT1ZoUFNsazd2d1ZqTVVnaFhxNlN3eGV1ZnRYCkVnK3RtYTNwMkZiYkJUenFUQkZoNm5KTjJBcjBDRTBDTmU1YVVjTVY5SkRHY2FSUnJIam50M2JDY1JvbzJMWCsKUGtVc1FTRTJ3V2RQL3BUUkY1ejhzZzZSdVpnZHo5OEwwaFZ6cnZyR2dwTk12WGlQTktLZloxZUNSRnRXelBNYwowN1JKTUFJYzJqSElYS3QrNk56c0VpeW9FV1RCQWdNQkFBR2pXVEJYTUE0R0ExVWREd0VCL3dRRUF3SUNwREFQCkJnTlZIUk1CQWY4RUJUQURBUUgvTUIwR0ExVWREZ1FXQkJTUGM2YUVOcmR6aWErZTVNRkg4TDJDYmI2bnBUQVYKQmdOVkhSRUVEakFNZ2dwcmRXSmxjbTVsZEdWek1BMEdDU3FHU0liM0RRRUJDd1VBQTRJQkFRQjJWN0tJVmlrTApqRGkyc3RnYWQxNFIrZUh3V2I5WHY1UEt6TThxZFlmekY0YlJkYWtCd3MxcStCV1A3ZG1KZnd6TkFlalF5cHdUCnQ1VjFoT3FrUklyK3FkVXpzd2NicjdJTE80MmhZV2RRMVBtejFlRFVuaWIrZlh3WGMvOTFZc2I1QUM5OHFRcGsKN3A4Mi9QMWt2VUVVblRKYjAzSzF1bEsvQVZhVC82VDdjMHVxRGg4N25aVDNKSzl0Z0I1SEwxVG1qWUhYeFN0Lwo4cHdCVm9SUkNXc2l6QjFxb252alNEK2Q3ZGoxZFFZRHFzcW9rajBoVVhJYkUzYlREOTN0QUdlUXlhanRiSDZlCktwNFNaQ3B2VzZsWlFvTXVUSWZMcE9IQmpKUHZyMmhvUHFQZEZ5dFNqTTFkOHVodGNFeWx5a2diR09xSzdDVE8KcW9WaVppcnRPeFdMCi0tLS0tRU5EIENFUlRJRklDQVRFLS0tLS0K",
                "cluster_endpoint": "https://83E22DDC5BD80C36EFB203BEDC6C0433.gr7.us-west-1.eks.amazonaws.com",
                "cluster_id": "eks-cluster-terraform",
                "cluster_version": "1.29",
                "nat_public_ips": [
                  "52.52.23.34"
                ],
                "private_subnets": [
                  "subnet-0336a94607bf0aca6",
                  "subnet-0858667f67934ad14"
                ],
                "public_subnets": [
                  "subnet-0c583368bdcb319e8",
                  "subnet-023ebe183a9aca78d"
                ],
                "vpc_cidr_block": "10.0.0.0/16",
                "vpc_id": "vpc-010ff7738ce761e1b"
              },
              "type": [
                "object",
                {
                  "azs": [
                    "list",
                    "string"
                  ],
                  "cluster_arn": "string",
                  "cluster_certificate_authority_data": "string",
                  "cluster_endpoint": "string",
                  "cluster_id": "string",
                  "cluster_version": "string",
                  "nat_public_ips": [
                    "list",
                    "string"
                  ],
                  "private_subnets": [
                    "tuple",
                    [
                      "string",
                      "string"
                    ]
                  ],
                  "public_subnets": [
                    "tuple",
                    [
                      "string",
                      "string"
                    ]
                  ],
                  "vpc_cidr_block": "string",
                  "vpc_id": "string"
                }
              ]
            },
            "workspace": null
          },
          "sensitive_attributes": []
        }
      ]
    },
    {
      "mode": "managed",
      "type": "kubernetes_deployment_v1",
      "name": "myapp1",
      "provider": "provider[\"registry.terraform.io/hashicorp/kubernetes\"]",
      "instances": [
        {
          "schema_version": 1,
          "attributes": {
            "id": "default/myapp1-deployment",
            "metadata": [
              {
                "annotations": null,
                "generate_name": "",
                "generation": 1,
                "labels": {
                  "app": "myapp1"
                },
                "name": "myapp1-deployment",
                "namespace": "default",
                "resource_version": "1481232",
                "uid": "b9c19403-9cb4-44f6-9f01-23f6942b5e9a"
              }
            ],
            "spec": [
              {
                "min_ready_seconds": 0,
                "paused": false,
                "progress_deadline_seconds": 600,
                "replicas": "2",
                "revision_history_limit": 10,
                "selector": [
                  {
                    "match_expressions": [],
                    "match_labels": {
                      "app": "myapp1"
                    }
                  }
                ],
                "strategy": [
                  {
                    "rolling_update": [
                      {
                        "max_surge": "25%",
                        "max_unavailable": "25%"
                      }
                    ],
                    "type": "RollingUpdate"
                  }
                ],
                "template": [
                  {
                    "metadata": [
                      {
                        "annotations": null,
                        "generate_name": "",
                        "generation": 0,
                        "labels": {
                          "app": "myapp1"
                        },
                        "name": "",
                        "namespace": "",
                        "resource_version": "",
                        "uid": ""
                      }
                    ],
                    "spec": [
                      {
                        "active_deadline_seconds": 0,
                        "affinity": [],
                        "automount_service_account_token": true,
                        "container": [
                          {
                            "args": null,
                            "command": null,
                            "env": [],
                            "env_from": [],
                            "image": "stacksimplify/kubenginx:1.0.0",
                            "image_pull_policy": "IfNotPresent",
                            "lifecycle": [],
                            "liveness_probe": [],
                            "name": "myapp1-container",
                            "port": [
                              {
                                "container_port": 80,
                                "host_ip": "",
                                "host_port": 0,
                                "name": "",
                                "protocol": "TCP"
                              }
                            ],
                            "readiness_probe": [],
                            "resources": [
                              {
                                "limits": {},
                                "requests": {}
                              }
                            ],
                            "security_context": [],
                            "startup_probe": [],
                            "stdin": false,
                            "stdin_once": false,
                            "termination_message_path": "/dev/termination-log",
                            "termination_message_policy": "File",
                            "tty": false,
                            "volume_mount": [],
                            "working_dir": ""
                          }
                        ],
                        "dns_config": [],
                        "dns_policy": "ClusterFirst",
                        "enable_service_links": true,
                        "host_aliases": [],
                        "host_ipc": false,
                        "host_network": false,
                        "host_pid": false,
                        "hostname": "",
                        "image_pull_secrets": [],
                        "init_container": [],
                        "node_name": "",
                        "node_selector": null,
                        "os": [],
                        "priority_class_name": "",
                        "readiness_gate": [],
                        "restart_policy": "Always",
                        "runtime_class_name": "",
                        "scheduler_name": "default-scheduler",
                        "security_context": [],
                        "service_account_name": "",
                        "share_process_namespace": false,
                        "subdomain": "",
                        "termination_grace_period_seconds": 30,
                        "toleration": [],
                        "topology_spread_constraint": [],
                        "volume": []
                      }
                    ]
                  }
                ]
              }
            ],
            "timeouts": null,
            "wait_for_rollout": true
          },
          "sensitive_attributes": [],
          "private": "eyJlMmJmYjczMC1lY2FhLTExZTYtOGY4OC0zNDM2M2JjN2M0YzAiOnsiY3JlYXRlIjo2MDAwMDAwMDAwMDAsImRlbGV0ZSI6NjAwMDAwMDAwMDAwLCJ1cGRhdGUiOjYwMDAwMDAwMDAwMH0sInNjaGVtYV92ZXJzaW9uIjoiMSJ9",
          "dependencies": [
            "data.aws_eks_cluster_auth.cluster_auth",
            "data.terraform_remote_state.eks"
          ]
        }
      ]
    },
    {
      "mode": "managed",
      "type": "kubernetes_service_v1",
      "name": "lb_service_nlb",
      "provider": "provider[\"registry.terraform.io/hashicorp/kubernetes\"]",
      "instances": [
        {
          "schema_version": 1,
          "attributes": {
            "id": "default/myapp1-lb-service-nlb",
            "metadata": [
              {
                "annotations": {
                  "service.beta.kubernetes.io/aws-load-balancer-type": "nlb"
                },
                "generate_name": "",
                "generation": 0,
                "labels": null,
                "name": "myapp1-lb-service-nlb",
                "namespace": "default",
                "resource_version": "1481258",
                "uid": "0a555005-f717-4748-9675-aa2d730adc98"
              }
            ],
            "spec": [
              {
                "allocate_load_balancer_node_ports": true,
                "cluster_ip": "172.20.185.134",
                "cluster_ips": [
                  "172.20.185.134"
                ],
                "external_ips": null,
                "external_name": "",
                "external_traffic_policy": "Cluster",
                "health_check_node_port": 0,
                "internal_traffic_policy": "Cluster",
                "ip_families": [
                  "IPv4"
                ],
                "ip_family_policy": "SingleStack",
                "load_balancer_class": "",
                "load_balancer_ip": "",
                "load_balancer_source_ranges": null,
                "port": [
                  {
                    "app_protocol": "",
                    "name": "http",
                    "node_port": 32735,
                    "port": 80,
                    "protocol": "TCP",
                    "target_port": "80"
                  }
                ],
                "publish_not_ready_addresses": false,
                "selector": {
                  "app": "myapp1"
                },
                "session_affinity": "None",
                "session_affinity_config": [],
                "type": "LoadBalancer"
              }
            ],
            "status": [
              {
                "load_balancer": [
                  {
                    "ingress": [
                      {
                        "hostname": "a0a555005f71747489675aa2d730adc9-58900541c721dbe7.elb.us-west-1.amazonaws.com",
                        "ip": ""
                      }
                    ]
                  }
                ]
              }
            ],
            "timeouts": null,
            "wait_for_load_balancer": true
          },
          "sensitive_attributes": [],
          "private": "eyJlMmJmYjczMC1lY2FhLTExZTYtOGY4OC0zNDM2M2JjN2M0YzAiOnsiY3JlYXRlIjo2MDAwMDAwMDAwMDB9LCJzY2hlbWFfdmVyc2lvbiI6IjEifQ==",
          "dependencies": [
            "data.aws_eks_cluster_auth.cluster_auth",
            "data.terraform_remote_state.eks",
            "kubernetes_deployment_v1.myapp1"
          ]
        }
      ]
    },
    {
      "mode": "managed",
      "type": "kubernetes_service_v1",
      "name": "np_service",
      "provider": "provider[\"registry.terraform.io/hashicorp/kubernetes\"]",
      "instances": [
        {
          "schema_version": 1,
          "attributes": {
            "id": "default/myapp1-nodeport-service",
            "metadata": [
              {
                "annotations": null,
                "generate_name": "",
                "generation": 0,
                "labels": null,
                "name": "myapp1-nodeport-service",
                "namespace": "default",
                "resource_version": "1481245",
                "uid": "afd98563-5f5f-4fd2-a3d1-6df964c67f0a"
              }
            ],
            "spec": [
              {
                "allocate_load_balancer_node_ports": true,
                "cluster_ip": "172.20.205.245",
                "cluster_ips": [
                  "172.20.205.245"
                ],
                "external_ips": null,
                "external_name": "",
                "external_traffic_policy": "Cluster",
                "health_check_node_port": 0,
                "internal_traffic_policy": "Cluster",
                "ip_families": [
                  "IPv4"
                ],
                "ip_family_policy": "SingleStack",
                "load_balancer_class": "",
                "load_balancer_ip": "",
                "load_balancer_source_ranges": null,
                "port": [
                  {
                    "app_protocol": "",
                    "name": "http",
                    "node_port": 31280,
                    "port": 80,
                    "protocol": "TCP",
                    "target_port": "80"
                  }
                ],
                "publish_not_ready_addresses": false,
                "selector": {
                  "app": "myapp1"
                },
                "session_affinity": "None",
                "session_affinity_config": [],
                "type": "NodePort"
              }
            ],
            "status": [
              {
                "load_balancer": [
                  {
                    "ingress": []
                  }
                ]
              }
            ],
            "timeouts": null,
            "wait_for_load_balancer": true
          },
          "sensitive_attributes": [],
          "private": "eyJlMmJmYjczMC1lY2FhLTExZTYtOGY4OC0zNDM2M2JjN2M0YzAiOnsiY3JlYXRlIjo2MDAwMDAwMDAwMDB9LCJzY2hlbWFfdmVyc2lvbiI6IjEifQ==",
          "dependencies": [
            "data.aws_eks_cluster_auth.cluster_auth",
            "data.terraform_remote_state.eks",
            "kubernetes_deployment_v1.myapp1"
          ]
        }
      ]
    }
  ],
  "check_results": null
}
